
Microsoft Visual Studio Solution File, Format Version 12.00
# Visual Studio 14
VisualStudioVersion = 14.0.25420.1
MinimumVisualStudioVersion = 10.0.40219.1
Project("{FAE04EC0-301F-11D3-BF4B-00C04F79EFBC}") = "MyNamespaceForCSharp", "MyNamespaceForCSharp\MyNamespaceForCSharp.csproj", "{FC03E66A-93F4-4AFC-8EC6-9B3AD1CB8DF3}"
EndProject
Project("{FAE04EC0-301F-11D3-BF4B-00C04F79EFBC}") = "MyNamespaceForCSharp.Win", "MyNamespaceForCSharp.Win\MyNamespaceForCSharp.Win.csproj", "{7D751811-C3AB-4528-8CDE-5CCFDE2AEEA9}"
EndProject
Global
	GlobalSection(SolutionConfigurationPlatforms) = preSolution
		Debug|Any CPU = Debug|Any CPU
		Release|Any CPU = Release|Any CPU
	EndGlobalSection
	GlobalSection(ProjectConfigurationPlatforms) = postSolution
		{FC03E66A-93F4-4AFC-8EC6-9B3AD1CB8DF3}.Debug|Any CPU.ActiveCfg = Debug|Any CPU
		{FC03E66A-93F4-4AFC-8EC6-9B3AD1CB8DF3}.Debug|Any CPU.Build.0 = Debug|Any CPU
		{FC03E66A-93F4-4AFC-8EC6-9B3AD1CB8DF3}.Release|Any CPU.ActiveCfg = Release|Any CPU
		{FC03E66A-93F4-4AFC-8EC6-9B3AD1CB8DF3}.Release|Any CPU.Build.0 = Release|Any CPU
		{7D751811-C3AB-4528-8CDE-5CCFDE2AEEA9}.Debug|Any CPU.ActiveCfg = Debug|Any CPU
		{7D751811-C3AB-4528-8CDE-5CCFDE2AEEA9}.Debug|Any CPU.Build.0 = Debug|Any CPU
		{7D751811-C3AB-4528-8CDE-5CCFDE2AEEA9}.Release|Any CPU.ActiveCfg = Release|Any CPU
		{7D751811-C3AB-4528-8CDE-5CCFDE2AEEA9}.Release|Any CPU.Build.0 = Release|Any CPU
	EndGlobalSection
	GlobalSection(SolutionProperties) = preSolution
		HideSolutionNode = FALSE
	EndGlobalSection
EndGlobal
